Microsoft Visual Studio Solution File, Format Version 12.00
# Visual Studio Version 17
VisualStudioVersion = 17.5.33414.496
MinimumVisualStudioVersion = 10.0.40219.1
Project("{9A19103F-16F7-4668-BE54-9A1E7A4F7556}") = "MultithreadDownloader", "MultithreadDownloader\MultithreadDownloader.csproj", "{2626F77D-0CC3-4D53-8A66-E4AFD5CCBC1F}"
EndProject
Project("{9A19103F-16F7-4668-BE54-9A1E7A4F7556}") = "WFPUI", "WFPUI\WFPUI.csproj", "{FE17CBA5-9ACA-44FB-9F9E-DB83B7539248}"
EndProject
Global
	GlobalSection(SolutionConfigurationPlatforms) = preSolution
		Debug|Any CPU = Debug|Any CPU
		Release|Any CPU = Release|Any CPU
	EndGlobalSection
	GlobalSection(ProjectConfigurationPlatforms) = postSolution
		{2626F77D-0CC3-4D53-8A66-E4AFD5CCBC1F}.Debug|Any CPU.ActiveCfg = Debug|Any CPU
		{2626F77D-0CC3-4D53-8A66-E4AFD5CCBC1F}.Debug|Any CPU.Build.0 = Debug|Any CPU
		{2626F77D-0CC3-4D53-8A66-E4AFD5CCBC1F}.Release|Any CPU.ActiveCfg = Release|Any CPU
		{2626F77D-0CC3-4D53-8A66-E4AFD5CCBC1F}.Release|Any CPU.Build.0 = Release|Any CPU
		{FE17CBA5-9ACA-44FB-9F9E-DB83B7539248}.Debug|Any CPU.ActiveCfg = Debug|Any CPU
		{FE17CBA5-9ACA-44FB-9F9E-DB83B7539248}.Debug|Any CPU.Build.0 = Debug|Any CPU
		{FE17CBA5-9ACA-44FB-9F9E-DB83B7539248}.Release|Any CPU.ActiveCfg = Release|Any CPU
		{FE17CBA5-9ACA-44FB-9F9E-DB83B7539248}.Release|Any CPU.Build.0 = Release|Any CPU
	EndGlobalSection
	GlobalSection(SolutionProperties) = preSolution
		HideSolutionNode = FALSE
	EndGlobalSection
	GlobalSection(ExtensibilityGlobals) = postSolution
		SolutionGuid = {B500D675-3892-4953-BD78-CECD42162E48}
	EndGlobalSection
EndGlobal
